
Microsoft Visual Studio Solution File, Format Version 12.00
# Visual Studio Version 17
VisualStudioVersion = 17.10.35122.118
MinimumVisualStudioVersion = 10.0.40219.1
Project("{8BC9CEB8-8B4A-11D0-8D11-00A0C91BC942}") = "Replace", "LW1.1\LW1.1.vcxproj", "{53BE0CDF-16E1-45AB-95D2-796AD5F70949}"
EndProject
Project("{2150E333-8FDC-42A3-9474-1A3956D46DE8}") = "Элементы решения", "Элементы решения", "{376EE013-74BA-4231-B552-1C1CB5976B34}"
	ProjectSection(SolutionItems) = preProject
		.clang-format = .clang-format
	EndProjectSection
EndProject
Project("{8BC9CEB8-8B4A-11D0-8D11-00A0C91BC942}") = "Radix", "Radix\Radix.vcxproj", "{528959D2-0567-4F63-9C22-A1EFAE060714}"
EndProject
Project("{8BC9CEB8-8B4A-11D0-8D11-00A0C91BC942}") = "Invert", "..\Invert\Invert.vcxproj", "{704DD48C-6E09-4BAB-AAF8-523FBBA13043}"
EndProject
Project("{8BC9CEB8-8B4A-11D0-8D11-00A0C91BC942}") = "Fill", "..\Fill\Fill.vcxproj", "{18C3C1DD-81A2-4977-8A87-7CD1109CE8C7}"
EndProject
Project("{8BC9CEB8-8B4A-11D0-8D11-00A0C91BC942}") = "LW2.1", "..\..\LW2\LW2.1\LW2.1.vcxproj", "{333FCF45-1155-4DCB-8E76-6C4926E7E420}"
	ProjectSection(ProjectDependencies) = postProject
		{4DBEB3E2-C2D7-4942-B4FC-A5CDA66FA028} = {4DBEB3E2-C2D7-4942-B4FC-A5CDA66FA028}
	EndProjectSection
EndProject
Project("{8BC9CEB8-8B4A-11D0-8D11-00A0C91BC942}") = "HtmlDecode", "..\..\LW2\HtmlDecode\HtmlDecode.vcxproj", "{0013F4A8-5950-418E-BE62-22D3081A6FFE}"
EndProject
Project("{8BC9CEB8-8B4A-11D0-8D11-00A0C91BC942}") = "catch2", "..\..\catch2\catch2.vcxproj", "{4DBEB3E2-C2D7-4942-B4FC-A5CDA66FA028}"
EndProject
Project("{8BC9CEB8-8B4A-11D0-8D11-00A0C91BC942}") = "Dictionary", "..\..\LW2\Dictionary\Dictionary.vcxproj", "{4DE83848-B20C-4199-8F13-6A3CE44ADDF1}"
EndProject
Global
	GlobalSection(SolutionConfigurationPlatforms) = preSolution
		Debug|x64 = Debug|x64
		Debug|x86 = Debug|x86
		Release|x64 = Release|x64
		Release|x86 = Release|x86
	EndGlobalSection
	GlobalSection(ProjectConfigurationPlatforms) = postSolution
		{53BE0CDF-16E1-45AB-95D2-796AD5F70949}.Debug|x64.ActiveCfg = Debug|x64
		{53BE0CDF-16E1-45AB-95D2-796AD5F70949}.Debug|x64.Build.0 = Debug|x64
		{53BE0CDF-16E1-45AB-95D2-796AD5F70949}.Debug|x86.ActiveCfg = Debug|Win32
		{53BE0CDF-16E1-45AB-95D2-796AD5F70949}.Debug|x86.Build.0 = Debug|Win32
		{53BE0CDF-16E1-45AB-95D2-796AD5F70949}.Release|x64.ActiveCfg = Release|x64
		{53BE0CDF-16E1-45AB-95D2-796AD5F70949}.Release|x64.Build.0 = Release|x64
		{53BE0CDF-16E1-45AB-95D2-796AD5F70949}.Release|x86.ActiveCfg = Release|Win32
		{53BE0CDF-16E1-45AB-95D2-796AD5F70949}.Release|x86.Build.0 = Release|Win32
		{528959D2-0567-4F63-9C22-A1EFAE060714}.Debug|x64.ActiveCfg = Debug|x64
		{528959D2-0567-4F63-9C22-A1EFAE060714}.Debug|x64.Build.0 = Debug|x64
		{528959D2-0567-4F63-9C22-A1EFAE060714}.Debug|x86.ActiveCfg = Debug|Win32
		{528959D2-0567-4F63-9C22-A1EFAE060714}.Debug|x86.Build.0 = Debug|Win32
		{528959D2-0567-4F63-9C22-A1EFAE060714}.Release|x64.ActiveCfg = Release|x64
		{528959D2-0567-4F63-9C22-A1EFAE060714}.Release|x64.Build.0 = Release|x64
		{528959D2-0567-4F63-9C22-A1EFAE060714}.Release|x86.ActiveCfg = Release|Win32
		{528959D2-0567-4F63-9C22-A1EFAE060714}.Release|x86.Build.0 = Release|Win32
		{704DD48C-6E09-4BAB-AAF8-523FBBA13043}.Debug|x64.ActiveCfg = Debug|x64
		{704DD48C-6E09-4BAB-AAF8-523FBBA13043}.Debug|x64.Build.0 = Debug|x64
		{704DD48C-6E09-4BAB-AAF8-523FBBA13043}.Debug|x86.ActiveCfg = Debug|Win32
		{704DD48C-6E09-4BAB-AAF8-523FBBA13043}.Debug|x86.Build.0 = Debug|Win32
		{704DD48C-6E09-4BAB-AAF8-523FBBA13043}.Release|x64.ActiveCfg = Release|x64
		{704DD48C-6E09-4BAB-AAF8-523FBBA13043}.Release|x64.Build.0 = Release|x64
		{704DD48C-6E09-4BAB-AAF8-523FBBA13043}.Release|x86.ActiveCfg = Release|Win32
		{704DD48C-6E09-4BAB-AAF8-523FBBA13043}.Release|x86.Build.0 = Release|Win32
		{18C3C1DD-81A2-4977-8A87-7CD1109CE8C7}.Debug|x64.ActiveCfg = Debug|x64
		{18C3C1DD-81A2-4977-8A87-7CD1109CE8C7}.Debug|x64.Build.0 = Debug|x64
		{18C3C1DD-81A2-4977-8A87-7CD1109CE8C7}.Debug|x86.ActiveCfg = Debug|Win32
		{18C3C1DD-81A2-4977-8A87-7CD1109CE8C7}.Debug|x86.Build.0 = Debug|Win32
		{18C3C1DD-81A2-4977-8A87-7CD1109CE8C7}.Release|x64.ActiveCfg = Release|x64
		{18C3C1DD-81A2-4977-8A87-7CD1109CE8C7}.Release|x64.Build.0 = Release|x64
		{18C3C1DD-81A2-4977-8A87-7CD1109CE8C7}.Release|x86.ActiveCfg = Release|Win32
		{18C3C1DD-81A2-4977-8A87-7CD1109CE8C7}.Release|x86.Build.0 = Release|Win32
		{333FCF45-1155-4DCB-8E76-6C4926E7E420}.Debug|x64.ActiveCfg = Debug|x64
		{333FCF45-1155-4DCB-8E76-6C4926E7E420}.Debug|x64.Build.0 = Debug|x64
		{333FCF45-1155-4DCB-8E76-6C4926E7E420}.Debug|x86.ActiveCfg = Debug|Win32
		{333FCF45-1155-4DCB-8E76-6C4926E7E420}.Debug|x86.Build.0 = Debug|Win32
		{333FCF45-1155-4DCB-8E76-6C4926E7E420}.Release|x64.ActiveCfg = Release|x64
		{333FCF45-1155-4DCB-8E76-6C4926E7E420}.Release|x64.Build.0 = Release|x64
		{333FCF45-1155-4DCB-8E76-6C4926E7E420}.Release|x86.ActiveCfg = Release|Win32
		{333FCF45-1155-4DCB-8E76-6C4926E7E420}.Release|x86.Build.0 = Release|Win32
		{0013F4A8-5950-418E-BE62-22D3081A6FFE}.Debug|x64.ActiveCfg = Debug|x64
		{0013F4A8-5950-418E-BE62-22D3081A6FFE}.Debug|x64.Build.0 = Debug|x64
		{0013F4A8-5950-418E-BE62-22D3081A6FFE}.Debug|x86.ActiveCfg = Debug|Win32
		{0013F4A8-5950-418E-BE62-22D3081A6FFE}.Debug|x86.Build.0 = Debug|Win32
		{0013F4A8-5950-418E-BE62-22D3081A6FFE}.Release|x64.ActiveCfg = Release|x64
		{0013F4A8-5950-418E-BE62-22D3081A6FFE}.Release|x64.Build.0 = Release|x64
		{0013F4A8-5950-418E-BE62-22D3081A6FFE}.Release|x86.ActiveCfg = Release|Win32
		{0013F4A8-5950-418E-BE62-22D3081A6FFE}.Release|x86.Build.0 = Release|Win32
		{4DBEB3E2-C2D7-4942-B4FC-A5CDA66FA028}.Debug|x64.ActiveCfg = Debug|x64
		{4DBEB3E2-C2D7-4942-B4FC-A5CDA66FA028}.Debug|x64.Build.0 = Debug|x64
		{4DBEB3E2-C2D7-4942-B4FC-A5CDA66FA028}.Debug|x86.ActiveCfg = Debug|Win32
		{4DBEB3E2-C2D7-4942-B4FC-A5CDA66FA028}.Debug|x86.Build.0 = Debug|Win32
		{4DBEB3E2-C2D7-4942-B4FC-A5CDA66FA028}.Release|x64.ActiveCfg = Release|x64
		{4DBEB3E2-C2D7-4942-B4FC-A5CDA66FA028}.Release|x64.Build.0 = Release|x64
		{4DBEB3E2-C2D7-4942-B4FC-A5CDA66FA028}.Release|x86.ActiveCfg = Release|Win32
		{4DBEB3E2-C2D7-4942-B4FC-A5CDA66FA028}.Release|x86.Build.0 = Release|Win32
		{4DE83848-B20C-4199-8F13-6A3CE44ADDF1}.Debug|x64.ActiveCfg = Debug|x64
		{4DE83848-B20C-4199-8F13-6A3CE44ADDF1}.Debug|x64.Build.0 = Debug|x64
		{4DE83848-B20C-4199-8F13-6A3CE44ADDF1}.Debug|x86.ActiveCfg = Debug|Win32
		{4DE83848-B20C-4199-8F13-6A3CE44ADDF1}.Debug|x86.Build.0 = Debug|Win32
		{4DE83848-B20C-4199-8F13-6A3CE44ADDF1}.Release|x64.ActiveCfg = Release|x64
		{4DE83848-B20C-4199-8F13-6A3CE44ADDF1}.Release|x64.Build.0 = Release|x64
		{4DE83848-B20C-4199-8F13-6A3CE44ADDF1}.Release|x86.ActiveCfg = Release|Win32
		{4DE83848-B20C-4199-8F13-6A3CE44ADDF1}.Release|x86.Build.0 = Release|Win32
	EndGlobalSection
	GlobalSection(SolutionProperties) = preSolution
		HideSolutionNode = FALSE
	EndGlobalSection
	GlobalSection(ExtensibilityGlobals) = postSolution
		SolutionGuid = {A1F3E6C6-6515-46BC-96D9-17F55A5669B7}
	EndGlobalSection
EndGlobal
